
Microsoft Visual Studio Solution File, Format Version 12.00
# Visual Studio Version 17
VisualStudioVersion = 17.3.32901.215
MinimumVisualStudioVersion = 10.0.40219.1
Project("{FAE04EC0-301F-11D3-BF4B-00C04F79EFBC}") = "WebApp", "WebApp\WebApp.csproj", "{58981B4D-D087-4D25-BDCC-93E4D6005450}"
EndProject
Global
	GlobalSection(SolutionConfigurationPlatforms) = preSolution
		Debug|Any CPU = Debug|Any CPU
		Release|Any CPU = Release|Any CPU
	EndGlobalSection
	GlobalSection(ProjectConfigurationPlatforms) = postSolution
		{58981B4D-D087-4D25-BDCC-93E4D6005450}.Debug|Any CPU.ActiveCfg = Debug|Any CPU
		{58981B4D-D087-4D25-BDCC-93E4D6005450}.Debug|Any CPU.Build.0 = Debug|Any CPU
		{58981B4D-D087-4D25-BDCC-93E4D6005450}.Release|Any CPU.ActiveCfg = Release|Any CPU
		{58981B4D-D087-4D25-BDCC-93E4D6005450}.Release|Any CPU.Build.0 = Release|Any CPU
	EndGlobalSection
	GlobalSection(SolutionProperties) = preSolution
		HideSolutionNode = FALSE
	EndGlobalSection
	GlobalSection(ExtensibilityGlobals) = postSolution
		SolutionGuid = {9EE03082-EE6F-4FF2-90A0-36AD2D32CF62}
	EndGlobalSection
EndGlobal
